PODS:
  - Flutter (1.0.0)
  - flutter_tex_js_ios (0.0.1):
    - Flutter

DEPENDENCIES:
  - Flutter (from `Flutter`)
  - flutter_tex_js_ios (from `.symlinks/plugins/flutter_tex_js_ios/ios`)

EXTERNAL SOURCES:
  Flutter:
    :path: Flutter
  flutter_tex_js_ios:
    :path: ".symlinks/plugins/flutter_tex_js_ios/ios"

SPEC CHECKSUMS:
  Flutter: 50d75fe2f02b26cc09d224853bb45737f8b3214a
  flutter_tex_js_ios: f0ddb462f0dc7dc66ebb40aa0dbcb96d87e9afd6

PODFILE CHECKSUM: aafe91acc616949ddb318b77800a7f51bffa2a4c

COCOAPODS: 1.11.2
