PODS:
  - Flutter (1.0.0)
  - flutter_tex_js_ios (0.0.1):
    - Flutter

DEPENDENCIES:
  - Flutter (from `Flutter`)
  - flutter_tex_js_ios (from `.symlinks/plugins/flutter_tex_js_ios/ios`)

EXTERNAL SOURCES:
  Flutter:
    :path: Flutter
  flutter_tex_js_ios:
    :path: ".symlinks/plugins/flutter_tex_js_ios/ios"

SPEC CHECKSUMS:
  Flutter: cabc95a1d2626b1b06e7179b784ebcf0c0cde467
  flutter_tex_js_ios: 5d44702447dc77d1ee6e234375d346e2b8c55924

PODFILE CHECKSUM: 0dbd5a87e0ace00c9610d2037ac22083a01f861d

COCOAPODS: 1.16.2
